Microsoft Visual Studio Solution File, Format Version 12.00
# Visual Studio Version 17
VisualStudioVersion = 17.0.31903.59
MinimumVisualStudioVersion = 10.0.40219.1
Project("{FAE04EC0-301F-11D3-BF4B-00C04F79EFBC}") = "ApiAutomation", "ApiAutomation\ApiAutomation.csproj", "{46265592-B9E6-4E56-A76D-245F314FB8D1}"
EndProject
Project("{FAE04EC0-301F-11D3-BF4B-00C04F79EFBC}") = "ApiAutomation.Tests", "ApiAutomation.Tests\ApiAutomation.Tests.csproj", "{C1518013-E65A-4AAE-8CA3-69756B046B62}"
EndProject
Global
	GlobalSection(SolutionConfigurationPlatforms) = preSolution
		Debug|Any CPU = Debug|Any CPU
		Release|Any CPU = Release|Any CPU
	EndGlobalSection
	GlobalSection(ProjectConfigurationPlatforms) = postSolution
		{C1518013-E65A-4AAE-8CA3-69756B046B62}.Debug|Any CPU.ActiveCfg = Debug|Any CPU
		{C1518013-E65A-4AAE-8CA3-69756B046B62}.Debug|Any CPU.Build.0 = Debug|Any CPU
		{C1518013-E65A-4AAE-8CA3-69756B046B62}.Release|Any CPU.ActiveCfg = Release|Any CPU
		{C1518013-E65A-4AAE-8CA3-69756B046B62}.Release|Any CPU.Build.0 = Release|Any CPU
		{46265592-B9E6-4E56-A76D-245F314FB8D1}.Debug|Any CPU.ActiveCfg = Debug|Any CPU
		{46265592-B9E6-4E56-A76D-245F314FB8D1}.Debug|Any CPU.Build.0 = Debug|Any CPU
		{46265592-B9E6-4E56-A76D-245F314FB8D1}.Release|Any CPU.ActiveCfg = Release|Any CPU
		{46265592-B9E6-4E56-A76D-245F314FB8D1}.Release|Any CPU.Build.0 = Release|Any CPU
	EndGlobalSection
EndGlobal
